
Microsoft Visual Studio Solution File, Format Version 12.00
# Visual Studio Version 17
VisualStudioVersion = 17.14.37111.16
MinimumVisualStudioVersion = 10.0.40219.1
Project("{FAE04EC0-301F-11D3-BF4B-00C04F79EFBC}") = "ZipURL.Services.Identity", "src\ZipURL.Services.Identity\ZipURL.Services.Identity.csproj", "{F6D2A7FC-DAC8-4DEE-9560-C767C9F6682B}"
EndProject
Project("{FAE04EC0-301F-11D3-BF4B-00C04F79EFBC}") = "ZipURL.Services.ShorterURL", "src\ZipURL.Services.ShorterURL\ZipURL.Services.ShorterURL.csproj", "{282019F1-B1E7-457B-B9A7-DBCC91CAEA75}"
EndProject
Global
	GlobalSection(SolutionConfigurationPlatforms) = preSolution
		Debug|Any CPU = Debug|Any CPU
		Release|Any CPU = Release|Any CPU
	EndGlobalSection
	GlobalSection(ProjectConfigurationPlatforms) = postSolution
		{F6D2A7FC-DAC8-4DEE-9560-C767C9F6682B}.Debug|Any CPU.ActiveCfg = Debug|Any CPU
		{F6D2A7FC-DAC8-4DEE-9560-C767C9F6682B}.Debug|Any CPU.Build.0 = Debug|Any CPU
		{F6D2A7FC-DAC8-4DEE-9560-C767C9F6682B}.Release|Any CPU.ActiveCfg = Release|Any CPU
		{F6D2A7FC-DAC8-4DEE-9560-C767C9F6682B}.Release|Any CPU.Build.0 = Release|Any CPU
		{282019F1-B1E7-457B-B9A7-DBCC91CAEA75}.Debug|Any CPU.ActiveCfg = Debug|Any CPU
		{282019F1-B1E7-457B-B9A7-DBCC91CAEA75}.Debug|Any CPU.Build.0 = Debug|Any CPU
		{282019F1-B1E7-457B-B9A7-DBCC91CAEA75}.Release|Any CPU.ActiveCfg = Release|Any CPU
		{282019F1-B1E7-457B-B9A7-DBCC91CAEA75}.Release|Any CPU.Build.0 = Release|Any CPU
	EndGlobalSection
	GlobalSection(SolutionProperties) = preSolution
		HideSolutionNode = FALSE
	EndGlobalSection
	GlobalSection(ExtensibilityGlobals) = postSolution
		SolutionGuid = {414C8B85-F974-4CB8-8BE7-B8F34AD3AD18}
	EndGlobalSection
EndGlobal
